// !$*UTF8*$!
{
	archiveVersion = 1;
	classes = {
	};
	objectVersion = 51;
	objects = {

/* Begin PBXBuildFile section */
		9036345A777D2CCDC3A68972 /* Pods_TestProject.framework in Frameworks */ = {isa = PBXBuildFile; fileRef = 4B24E9D6ED3DB49580AE5292 /* Pods_TestProject.framework */; };
		AB29B08424C8B8F80016848E /* ImageService.swift in Sources */ = {isa = PBXBuildFile; fileRef = AB29B08324C8B8F80016848E /* ImageService.swift */; };
		AB7D470924C6263C001919F9 /* AppDelegate.swift in Sources */ = {isa = PBXBuildFile; fileRef = AB7D470824C6263C001919F9 /* AppDelegate.swift */; };
		AB7D470B24C6263C001919F9 /* SceneDelegate.swift in Sources */ = {isa = PBXBuildFile; fileRef = AB7D470A24C6263C001919F9 /* SceneDelegate.swift */; };
		AB7D471024C6263C001919F9 /* Main.storyboard in Resources */ = {isa = PBXBuildFile; fileRef = AB7D470E24C6263C001919F9 /* Main.storyboard */; };
		AB7D471224C6263C001919F9 /* Assets.xcassets in Resources */ = {isa = PBXBuildFile; fileRef = AB7D471124C6263C001919F9 /* Assets.xcassets */; };
		AB7D471524C6263C001919F9 /* LaunchScreen.storyboard in Resources */ = {isa = PBXBuildFile; fileRef = AB7D471324C6263C001919F9 /* LaunchScreen.storyboard */; };
		AB7DD25524C75F990096C711 /* GeneralInfoTableCell.swift in Sources */ = {isa = PBXBuildFile; fileRef = AB7DD25424C75F990096C711 /* GeneralInfoTableCell.swift */; };
		AB7DD25724C84D110096C711 /* OneLabelTableCell.swift in Sources */ = {isa = PBXBuildFile; fileRef = AB7DD25624C84D110096C711 /* OneLabelTableCell.swift */; };
		AB7DD25924C84D890096C711 /* ProgressTableCell.swift in Sources */ = {isa = PBXBuildFile; fileRef = AB7DD25824C84D890096C711 /* ProgressTableCell.swift */; };
		AB9507C624C8878E0030CD62 /* SmallInfoTableCell.swift in Sources */ = {isa = PBXBuildFile; fileRef = AB9507C524C8878E0030CD62 /* SmallInfoTableCell.swift */; };
		AB9507C824C89FE90030CD62 /* UIImage+Extension.swift in Sources */ = {isa = PBXBuildFile; fileRef = AB9507C724C89FE90030CD62 /* UIImage+Extension.swift */; };
		AB9507CB24C8B8880030CD62 /* DatabaseManager.swift in Sources */ = {isa = PBXBuildFile; fileRef = AB9507CA24C8B8880030CD62 /* DatabaseManager.swift */; };
		ABA6EFD024CA041700383FCD /* CustomProgressView.swift in Sources */ = {isa = PBXBuildFile; fileRef = ABA6EFCF24CA041700383FCD /* CustomProgressView.swift */; };
		ABA6EFD424CA053300383FCD /* GeneralViewController.swift in Sources */ = {isa = PBXBuildFile; fileRef = ABA6EFD324CA053300383FCD /* GeneralViewController.swift */; };
		ABA6EFD624CA055A00383FCD /* GeneralLayoutManager.swift in Sources */ = {isa = PBXBuildFile; fileRef = ABA6EFD524CA055A00383FCD /* GeneralLayoutManager.swift */; };
		ABA6EFDB24CAE02900383FCD /* Formatter+Extension.swift in Sources */ = {isa = PBXBuildFile; fileRef = ABA6EFDA24CAE02900383FCD /* Formatter+Extension.swift */; };
		ABA6EFDD24CAE04700383FCD /* Numeric+Extension.swift in Sources */ = {isa = PBXBuildFile; fileRef = ABA6EFDC24CAE04700383FCD /* Numeric+Extension.swift */; };
		ABA6EFE224CAE35300383FCD /* UIStoryboard+Extension.swift in Sources */ = {isa = PBXBuildFile; fileRef = ABA6EFE124CAE35300383FCD /* UIStoryboard+Extension.swift */; };
		ABE7E0B524C6321D00E2FB88 /* listings-temp.json in Resources */ = {isa = PBXBuildFile; fileRef = ABE7E0B424C6321D00E2FB88 /* listings-temp.json */; };
		ABE7E0B724C634B900E2FB88 /* DataProvider.swift in Sources */ = {isa = PBXBuildFile; fileRef = ABE7E0B624C634B900E2FB88 /* DataProvider.swift */; };
		ABE7E0BA24C6358700E2FB88 /* CarInfoModel.swift in Sources */ = {isa = PBXBuildFile; fileRef = ABE7E0B924C6358700E2FB88 /* CarInfoModel.swift */; };
		ABE7E0BF24C637D400E2FB88 /* ProgressModel.swift in Sources */ = {isa = PBXBuildFile; fileRef = ABE7E0BE24C637D400E2FB88 /* ProgressModel.swift */; };
		ABE7E0C124C637E300E2FB88 /* ImageModel.swift in Sources */ = {isa = PBXBuildFile; fileRef = ABE7E0C024C637E300E2FB88 /* ImageModel.swift */; };
		ABE7E0C324C6384200E2FB88 /* OwnerModel.swift in Sources */ = {isa = PBXBuildFile; fileRef = ABE7E0C224C6384200E2FB88 /* OwnerModel.swift */; };
		ABE7E0C524C6390700E2FB88 /* AddressModel.swift in Sources */ = {isa = PBXBuildFile; fileRef = ABE7E0C424C6390700E2FB88 /* AddressModel.swift */; };
		ABE7E0CA24C647D200E2FB88 /* DetailsViewController.swift in Sources */ = {isa = PBXBuildFile; fileRef = ABE7E0C924C647D200E2FB88 /* DetailsViewController.swift */; };
		ABE7E0CE24C6480F00E2FB88 /* DetailsLayoutManager.swift in Sources */ = {isa = PBXBuildFile; fileRef = ABE7E0CD24C6480F00E2FB88 /* DetailsLayoutManager.swift */; };
		ABE7E0D124C6487600E2FB88 /* ImagesTableCell.swift in Sources */ = {isa = PBXBuildFile; fileRef = ABE7E0D024C6487600E2FB88 /* ImagesTableCell.swift */; };
		ABE7E0D424C64A5200E2FB88 /* ImageCollectionCell.swift in Sources */ = {isa = PBXBuildFile; fileRef = ABE7E0D324C64A5200E2FB88 /* ImageCollectionCell.swift */; };
		ABE7E0D824C64B9A00E2FB88 /* UICollectionView+Extension.swift in Sources */ = {isa = PBXBuildFile; fileRef = ABE7E0D724C64B9A00E2FB88 /* UICollectionView+Extension.swift */; };
		ABE7E0DA24C64C6900E2FB88 /* NSObject+Extension.swift in Sources */ = {isa = PBXBuildFile; fileRef = ABE7E0D924C64C6900E2FB88 /* NSObject+Extension.swift */; };
		ABE7E0DC24C64C8700E2FB88 /* UITableView+Extension.swift in Sources */ = {isa = PBXBuildFile; fileRef = ABE7E0DB24C64C8700E2FB88 /* UITableView+Extension.swift */; };
/* End PBXBuildFile section */

/* Begin PBXFileReference section */
		4B24E9D6ED3DB49580AE5292 /* Pods_TestProject.framework */ = {isa = PBXFileReference; explicitFileType = wrapper.framework; includeInIndex = 0; path = Pods_TestProject.framework; sourceTree = BUILT_PRODUCTS_DIR; };
		588EE2D2997D68E8A27438BB /* Pods-TestProject.debug.xcconfig */ = {isa = PBXFileReference; includeInIndex = 1; lastKnownFileType = text.xcconfig; name = "Pods-TestProject.debug.xcconfig"; path = "Target Support Files/Pods-TestProject/Pods-TestProject.debug.xcconfig"; sourceTree = "<group>"; };
		A0CE31105939FF7EC2698259 /* Pods-TestProject.release.xcconfig */ = {isa = PBXFileReference; includeInIndex = 1; lastKnownFileType = text.xcconfig; name = "Pods-TestProject.release.xcconfig"; path = "Target Support Files/Pods-TestProject/Pods-TestProject.release.xcconfig"; sourceTree = "<group>"; };
		AB29B08324C8B8F80016848E /* ImageService.swift */ = {isa = PBXFileReference; lastKnownFileType = sourcecode.swift; path = ImageService.swift; sourceTree = "<group>"; };
		AB7D470524C6263C001919F9 /* TestProject.app */ = {isa = PBXFileReference; explicitFileType = wrapper.application; includeInIndex = 0; path = TestProject.app; sourceTree = BUILT_PRODUCTS_DIR; };
		AB7D470824C6263C001919F9 /* AppDelegate.swift */ = {isa = PBXFileReference; lastKnownFileType = sourcecode.swift; path = AppDelegate.swift; sourceTree = "<group>"; };
		AB7D470A24C6263C001919F9 /* SceneDelegate.swift */ = {isa = PBXFileReference; lastKnownFileType = sourcecode.swift; path = SceneDelegate.swift; sourceTree = "<group>"; };
		AB7D470F24C6263C001919F9 /* Base */ = {isa = PBXFileReference; lastKnownFileType = file.storyboard; name = Base; path = Base.lproj/Main.storyboard; sourceTree = "<group>"; };
		AB7D471124C6263C001919F9 /* Assets.xcassets */ = {isa = PBXFileReference; lastKnownFileType = folder.assetcatalog; path = Assets.xcassets; sourceTree = "<group>"; };
		AB7D471424C6263C001919F9 /* Base */ = {isa = PBXFileReference; lastKnownFileType = file.storyboard; name = Base; path = Base.lproj/LaunchScreen.storyboard; sourceTree = "<group>"; };
		AB7D471624C6263C001919F9 /* Info.plist */ = {isa = PBXFileReference; lastKnownFileType = text.plist.xml; path = Info.plist; sourceTree = "<group>"; };
		AB7DD25424C75F990096C711 /* GeneralInfoTableCell.swift */ = {isa = PBXFileReference; lastKnownFileType = sourcecode.swift; path = GeneralInfoTableCell.swift; sourceTree = "<group>"; };
		AB7DD25624C84D110096C711 /* OneLabelTableCell.swift */ = {isa = PBXFileReference; lastKnownFileType = sourcecode.swift; path = OneLabelTableCell.swift; sourceTree = "<group>"; };
		AB7DD25824C84D890096C711 /* ProgressTableCell.swift */ = {isa = PBXFileReference; lastKnownFileType = sourcecode.swift; path = ProgressTableCell.swift; sourceTree = "<group>"; };
		AB9507C524C8878E0030CD62 /* SmallInfoTableCell.swift */ = {isa = PBXFileReference; lastKnownFileType = sourcecode.swift; path = SmallInfoTableCell.swift; sourceTree = "<group>"; };
		AB9507C724C89FE90030CD62 /* UIImage+Extension.swift */ = {isa = PBXFileReference; lastKnownFileType = sourcecode.swift; path = "UIImage+Extension.swift"; sourceTree = "<group>"; };
		AB9507CA24C8B8880030CD62 /* DatabaseManager.swift */ = {isa = PBXFileReference; lastKnownFileType = sourcecode.swift; path = DatabaseManager.swift; sourceTree = "<group>"; };
		ABA6EFCF24CA041700383FCD /* CustomProgressView.swift */ = {isa = PBXFileReference; lastKnownFileType = sourcecode.swift; path = CustomProgressView.swift; sourceTree = "<group>"; };
		ABA6EFD324CA053300383FCD /* GeneralViewController.swift */ = {isa = PBXFileReference; lastKnownFileType = sourcecode.swift; path = GeneralViewController.swift; sourceTree = "<group>"; };
		ABA6EFD524CA055A00383FCD /* GeneralLayoutManager.swift */ = {isa = PBXFileReference; lastKnownFileType = sourcecode.swift; path = GeneralLayoutManager.swift; sourceTree = "<group>"; };
		ABA6EFDA24CAE02900383FCD /* Formatter+Extension.swift */ = {isa = PBXFileReference; lastKnownFileType = sourcecode.swift; path = "Formatter+Extension.swift"; sourceTree = "<group>"; };
		ABA6EFDC24CAE04700383FCD /* Numeric+Extension.swift */ = {isa = PBXFileReference; lastKnownFileType = sourcecode.swift; path = "Numeric+Extension.swift"; sourceTree = "<group>"; };
		ABA6EFE124CAE35300383FCD /* UIStoryboard+Extension.swift */ = {isa = PBXFileReference; lastKnownFileType = sourcecode.swift; path = "UIStoryboard+Extension.swift"; sourceTree = "<group>"; };
		ABE7E0B424C6321D00E2FB88 /* listings-temp.json */ = {isa = PBXFileReference; fileEncoding = 4; lastKnownFileType = text.json; path = "listings-temp.json"; sourceTree = "<group>"; };
		ABE7E0B624C634B900E2FB88 /* DataProvider.swift */ = {isa = PBXFileReference; lastKnownFileType = sourcecode.swift; path = DataProvider.swift; sourceTree = "<group>"; };
		ABE7E0B924C6358700E2FB88 /* CarInfoModel.swift */ = {isa = PBXFileReference; lastKnownFileType = sourcecode.swift; path = CarInfoModel.swift; sourceTree = "<group>"; };
		ABE7E0BE24C637D400E2FB88 /* ProgressModel.swift */ = {isa = PBXFileReference; lastKnownFileType = sourcecode.swift; path = ProgressModel.swift; sourceTree = "<group>"; };
		ABE7E0C024C637E300E2FB88 /* ImageModel.swift */ = {isa = PBXFileReference; lastKnownFileType = sourcecode.swift; path = ImageModel.swift; sourceTree = "<group>"; };
		ABE7E0C224C6384200E2FB88 /* OwnerModel.swift */ = {isa = PBXFileReference; lastKnownFileType = sourcecode.swift; path = OwnerModel.swift; sourceTree = "<group>"; };
		ABE7E0C424C6390700E2FB88 /* AddressModel.swift */ = {isa = PBXFileReference; lastKnownFileType = sourcecode.swift; path = AddressModel.swift; sourceTree = "<group>"; };
		ABE7E0C924C647D200E2FB88 /* DetailsViewController.swift */ = {isa = PBXFileReference; lastKnownFileType = sourcecode.swift; path = DetailsViewController.swift; sourceTree = "<group>"; };
		ABE7E0CD24C6480F00E2FB88 /* DetailsLayoutManager.swift */ = {isa = PBXFileReference; lastKnownFileType = sourcecode.swift; path = DetailsLayoutManager.swift; sourceTree = "<group>"; };
		ABE7E0D024C6487600E2FB88 /* ImagesTableCell.swift */ = {isa = PBXFileReference; lastKnownFileType = sourcecode.swift; path = ImagesTableCell.swift; sourceTree = "<group>"; };
		ABE7E0D324C64A5200E2FB88 /* ImageCollectionCell.swift */ = {isa = PBXFileReference; lastKnownFileType = sourcecode.swift; path = ImageCollectionCell.swift; sourceTree = "<group>"; };
		ABE7E0D724C64B9A00E2FB88 /* UICollectionView+Extension.swift */ = {isa = PBXFileReference; lastKnownFileType = sourcecode.swift; path = "UICollectionView+Extension.swift"; sourceTree = "<group>"; };
		ABE7E0D924C64C6900E2FB88 /* NSObject+Extension.swift */ = {isa = PBXFileReference; lastKnownFileType = sourcecode.swift; path = "NSObject+Extension.swift"; sourceTree = "<group>"; };
		ABE7E0DB24C64C8700E2FB88 /* UITableView+Extension.swift */ = {isa = PBXFileReference; lastKnownFileType = sourcecode.swift; path = "UITableView+Extension.swift"; sourceTree = "<group>"; };
/* End PBXFileReference section */

/* Begin PBXFrameworksBuildPhase section */
		AB7D470224C6263C001919F9 /* Frameworks */ = {
			isa = PBXFrameworksBuildPhase;
			buildActionMask = 2147483647;
			files = (
				9036345A777D2CCDC3A68972 /* Pods_TestProject.framework in Frameworks */,
			);
			runOnlyForDeploymentPostprocessing = 0;
		};
/* End PBXFrameworksBuildPhase section */

/* Begin PBXGroup section */
		735AD2F811A3AAC3F419DCAD /* Frameworks */ = {
			isa = PBXGroup;
			children = (
				4B24E9D6ED3DB49580AE5292 /* Pods_TestProject.framework */,
			);
			name = Frameworks;
			sourceTree = "<group>";
		};
		AB7D46FC24C6263C001919F9 = {
			isa = PBXGroup;
			children = (
				AB7D470724C6263C001919F9 /* TestProject */,
				AB7D470624C6263C001919F9 /* Products */,
				BC1930B168D1F200FE85A6A5 /* Pods */,
				735AD2F811A3AAC3F419DCAD /* Frameworks */,
			);
			sourceTree = "<group>";
		};
		AB7D470624C6263C001919F9 /* Products */ = {
			isa = PBXGroup;
			children = (
				AB7D470524C6263C001919F9 /* TestProject.app */,
			);
			name = Products;
			sourceTree = "<group>";
		};
		AB7D470724C6263C001919F9 /* TestProject */ = {
			isa = PBXGroup;
			children = (
				ABE7E0D524C64B7F00E2FB88 /* Core */,
				ABE7E0C624C6474C00E2FB88 /* UI */,
				ABE7E0B824C6355000E2FB88 /* Models */,
				AB7D470824C6263C001919F9 /* AppDelegate.swift */,
				AB7D470A24C6263C001919F9 /* SceneDelegate.swift */,
				AB7D470E24C6263C001919F9 /* Main.storyboard */,
				AB7D471124C6263C001919F9 /* Assets.xcassets */,
				AB7D471324C6263C001919F9 /* LaunchScreen.storyboard */,
				AB7D471624C6263C001919F9 /* Info.plist */,
				ABE7E0B424C6321D00E2FB88 /* listings-temp.json */,
			);
			path = TestProject;
			sourceTree = "<group>";
		};
		ABA6EFD124CA051D00383FCD /* ViewController */ = {
			isa = PBXGroup;
			children = (
				ABA6EFD324CA053300383FCD /* GeneralViewController.swift */,
			);
			path = ViewController;
			sourceTree = "<group>";
		};
		ABA6EFD224CA052200383FCD /* Manager */ = {
			isa = PBXGroup;
			children = (
				ABA6EFD524CA055A00383FCD /* GeneralLayoutManager.swift */,
			);
			path = Manager;
			sourceTree = "<group>";
		};
		ABA6EFDE24CAE0F800383FCD /* CustomView */ = {
			isa = PBXGroup;
			children = (
				ABA6EFCF24CA041700383FCD /* CustomProgressView.swift */,
			);
			path = CustomView;
			sourceTree = "<group>";
		};
		ABE7E0B824C6355000E2FB88 /* Models */ = {
			isa = PBXGroup;
			children = (
				ABE7E0B924C6358700E2FB88 /* CarInfoModel.swift */,
				ABE7E0BB24C6373700E2FB88 /* SubModels */,
			);
			path = Models;
			sourceTree = "<group>";
		};
		ABE7E0BB24C6373700E2FB88 /* SubModels */ = {
			isa = PBXGroup;
			children = (
				ABE7E0BE24C637D400E2FB88 /* ProgressModel.swift */,
				ABE7E0C024C637E300E2FB88 /* ImageModel.swift */,
				ABE7E0C224C6384200E2FB88 /* OwnerModel.swift */,
				ABE7E0C424C6390700E2FB88 /* AddressModel.swift */,
			);
			path = SubModels;
			sourceTree = "<group>";
		};
		ABE7E0C624C6474C00E2FB88 /* UI */ = {
			isa = PBXGroup;
			children = (
				ABE7E0D224C648BA00E2FB88 /* General */,
				ABE7E0C724C6479800E2FB88 /* Details */,
			);
			path = UI;
			sourceTree = "<group>";
		};
		ABE7E0C724C6479800E2FB88 /* Details */ = {
			isa = PBXGroup;
			children = (
				ABE7E0CF24C6483500E2FB88 /* Cells */,
				ABE7E0CB24C647F600E2FB88 /* Manager */,
				ABE7E0C824C6479C00E2FB88 /* ViewController */,
			);
			path = Details;
			sourceTree = "<group>";
		};
		ABE7E0C824C6479C00E2FB88 /* ViewController */ = {
			isa = PBXGroup;
			children = (
				ABE7E0C924C647D200E2FB88 /* DetailsViewController.swift */,
			);
			path = ViewController;
			sourceTree = "<group>";
		};
		ABE7E0CB24C647F600E2FB88 /* Manager */ = {
			isa = PBXGroup;
			children = (
				ABE7E0CD24C6480F00E2FB88 /* DetailsLayoutManager.swift */,
			);
			path = Manager;
			sourceTree = "<group>";
		};
		ABE7E0CF24C6483500E2FB88 /* Cells */ = {
			isa = PBXGroup;
			children = (
				ABE7E0D324C64A5200E2FB88 /* ImageCollectionCell.swift */,
				ABE7E0D024C6487600E2FB88 /* ImagesTableCell.swift */,
				AB7DD25424C75F990096C711 /* GeneralInfoTableCell.swift */,
				AB7DD25624C84D110096C711 /* OneLabelTableCell.swift */,
				AB7DD25824C84D890096C711 /* ProgressTableCell.swift */,
				AB9507C524C8878E0030CD62 /* SmallInfoTableCell.swift */,
			);
			path = Cells;
			sourceTree = "<group>";
		};
		ABE7E0D224C648BA00E2FB88 /* General */ = {
			isa = PBXGroup;
			children = (
				ABA6EFD224CA052200383FCD /* Manager */,
				ABA6EFD124CA051D00383FCD /* ViewController */,
			);
			path = General;
			sourceTree = "<group>";
		};
		ABE7E0D524C64B7F00E2FB88 /* Core */ = {
			isa = PBXGroup;
			children = (
				ABA6EFDE24CAE0F800383FCD /* CustomView */,
				ABE7E0D624C64B8200E2FB88 /* Extensions */,
				AB9507CA24C8B8880030CD62 /* DatabaseManager.swift */,
				AB29B08324C8B8F80016848E /* ImageService.swift */,
				ABE7E0B624C634B900E2FB88 /* DataProvider.swift */,
			);
			path = Core;
			sourceTree = "<group>";
		};
		ABE7E0D624C64B8200E2FB88 /* Extensions */ = {
			isa = PBXGroup;
			children = (
				ABE7E0D724C64B9A00E2FB88 /* UICollectionView+Extension.swift */,
				ABE7E0D924C64C6900E2FB88 /* NSObject+Extension.swift */,
				ABE7E0DB24C64C8700E2FB88 /* UITableView+Extension.swift */,
				AB9507C724C89FE90030CD62 /* UIImage+Extension.swift */,
				ABA6EFDA24CAE02900383FCD /* Formatter+Extension.swift */,
				ABA6EFDC24CAE04700383FCD /* Numeric+Extension.swift */,
				ABA6EFE124CAE35300383FCD /* UIStoryboard+Extension.swift */,
			);
			path = Extensions;
			sourceTree = "<group>";
		};
		BC1930B168D1F200FE85A6A5 /* Pods */ = {
			isa = PBXGroup;
			children = (
				588EE2D2997D68E8A27438BB /* Pods-TestProject.debug.xcconfig */,
				A0CE31105939FF7EC2698259 /* Pods-TestProject.release.xcconfig */,
			);
			path = Pods;
			sourceTree = "<group>";
		};
/* End PBXGroup section */

/* Begin PBXNativeTarget section */
		AB7D470424C6263C001919F9 /* TestProject */ = {
			isa = PBXNativeTarget;
			buildConfigurationList = AB7D471924C6263C001919F9 /* Build configuration list for PBXNativeTarget "TestProject" */;
			buildPhases = (
				D1B898FDD0E15FA36D45B617 /* [CP] Check Pods Manifest.lock */,
				AB7D470124C6263C001919F9 /* Sources */,
				AB7D470224C6263C001919F9 /* Frameworks */,
				AB7D470324C6263C001919F9 /* Resources */,
				5703AA4A0D291DA48AAA3135 /* [CP] Embed Pods Frameworks */,
			);
			buildRules = (
			);
			dependencies = (
			);
			name = TestProject;
			productName = TestProject;
			productReference = AB7D470524C6263C001919F9 /* TestProject.app */;
			productType = "com.apple.product-type.application";
		};
/* End PBXNativeTarget section */

/* Begin PBXProject section */
		AB7D46FD24C6263C001919F9 /* Project object */ = {
			isa = PBXProject;
			attributes = {
				LastSwiftUpdateCheck = 1160;
				LastUpgradeCheck = 1160;
				ORGANIZATIONNAME = "Ivan Apet";
				TargetAttributes = {
					AB7D470424C6263C001919F9 = {
						CreatedOnToolsVersion = 11.6;
					};
				};
			};
			buildConfigurationList = AB7D470024C6263C001919F9 /* Build configuration list for PBXProject "TestProject" */;
			compatibilityVersion = "Xcode 9.3";
			developmentRegion = en;
			hasScannedForEncodings = 0;
			knownRegions = (
				en,
				Base,
			);
			mainGroup = AB7D46FC24C6263C001919F9;
			productRefGroup = AB7D470624C6263C001919F9 /* Products */;
			projectDirPath = "";
			projectRoot = "";
			targets = (
				AB7D470424C6263C001919F9 /* TestProject */,
			);
		};
/* End PBXProject section */

/* Begin PBXResourcesBuildPhase section */
		AB7D470324C6263C001919F9 /* Resources */ = {
			isa = PBXResourcesBuildPhase;
			buildActionMask = 2147483647;
			files = (
				AB7D471524C6263C001919F9 /* LaunchScreen.storyboard in Resources */,
				AB7D471224C6263C001919F9 /* Assets.xcassets in Resources */,
				ABE7E0B524C6321D00E2FB88 /* listings-temp.json in Resources */,
				AB7D471024C6263C001919F9 /* Main.storyboard in Resources */,
			);
			runOnlyForDeploymentPostprocessing = 0;
		};
/* End PBXResourcesBuildPhase section */

/* Begin PBXShellScriptBuildPhase section */
		5703AA4A0D291DA48AAA3135 /* [CP] Embed Pods Frameworks */ = {
			isa = PBXShellScriptBuildPhase;
			buildActionMask = 2147483647;
			files = (
			);
			inputFileListPaths = (
				"${PODS_ROOT}/Target Support Files/Pods-TestProject/Pods-TestProject-frameworks-${CONFIGURATION}-input-files.xcfilelist",
			);
			name = "[CP] Embed Pods Frameworks";
			outputFileListPaths = (
				"${PODS_ROOT}/Target Support Files/Pods-TestProject/Pods-TestProject-frameworks-${CONFIGURATION}-output-files.xcfilelist",
			);
			runOnlyForDeploymentPostprocessing = 0;
			shellPath = /bin/sh;
			shellScript = "\"${PODS_ROOT}/Target Support Files/Pods-TestProject/Pods-TestProject-frameworks.sh\"\n";
			showEnvVarsInLog = 0;
		};
		D1B898FDD0E15FA36D45B617 /* [CP] Check Pods Manifest.lock */ = {
			isa = PBXShellScriptBuildPhase;
			buildActionMask = 2147483647;
			files = (
			);
			inputFileListPaths = (
			);
			inputPaths = (
				"${PODS_PODFILE_DIR_PATH}/Podfile.lock",
				"${PODS_ROOT}/Manifest.lock",
			);
			name = "[CP] Check Pods Manifest.lock";
			outputFileListPaths = (
			);
			outputPaths = (
				"$(DERIVED_FILE_DIR)/Pods-TestProject-checkManifestLockResult.txt",
			);
			runOnlyForDeploymentPostprocessing = 0;
			shellPath = /bin/sh;
			shellScript = "diff \"${PODS_PODFILE_DIR_PATH}/Podfile.lock\" \"${PODS_ROOT}/Manifest.lock\" > /dev/null\nif [ $? != 0 ] ; then\n    # print error to STDERR\n    echo \"error: The sandbox is not in sync with the Podfile.lock. Run 'pod install' or update your CocoaPods installation.\" >&2\n    exit 1\nfi\n# This output is used by Xcode 'outputs' to avoid re-running this script phase.\necho \"SUCCESS\" > \"${SCRIPT_OUTPUT_FILE_0}\"\n";
			showEnvVarsInLog = 0;
		};
/* End PBXShellScriptBuildPhase section */

/* Begin PBXSourcesBuildPhase section */
		AB7D470124C6263C001919F9 /* Sources */ = {
			isa = PBXSourcesBuildPhase;
			buildActionMask = 2147483647;
			files = (
				AB9507C624C8878E0030CD62 /* SmallInfoTableCell.swift in Sources */,
				AB7DD25924C84D890096C711 /* ProgressTableCell.swift in Sources */,
				ABA6EFD624CA055A00383FCD /* GeneralLayoutManager.swift in Sources */,
				ABE7E0BF24C637D400E2FB88 /* ProgressModel.swift in Sources */,
				ABE7E0D424C64A5200E2FB88 /* ImageCollectionCell.swift in Sources */,
				ABE7E0D124C6487600E2FB88 /* ImagesTableCell.swift in Sources */,
				ABA6EFE224CAE35300383FCD /* UIStoryboard+Extension.swift in Sources */,
				AB7DD25724C84D110096C711 /* OneLabelTableCell.swift in Sources */,
				AB7DD25524C75F990096C711 /* GeneralInfoTableCell.swift in Sources */,
				AB29B08424C8B8F80016848E /* ImageService.swift in Sources */,
				ABA6EFDB24CAE02900383FCD /* Formatter+Extension.swift in Sources */,
				AB7D470924C6263C001919F9 /* AppDelegate.swift in Sources */,
				ABE7E0DA24C64C6900E2FB88 /* NSObject+Extension.swift in Sources */,
				ABE7E0CE24C6480F00E2FB88 /* DetailsLayoutManager.swift in Sources */,
				ABA6EFD424CA053300383FCD /* GeneralViewController.swift in Sources */,
				ABE7E0B724C634B900E2FB88 /* DataProvider.swift in Sources */,
				AB9507CB24C8B8880030CD62 /* DatabaseManager.swift in Sources */,
				ABA6EFDD24CAE04700383FCD /* Numeric+Extension.swift in Sources */,
				ABA6EFD024CA041700383FCD /* CustomProgressView.swift in Sources */,
				ABE7E0BA24C6358700E2FB88 /* CarInfoModel.swift in Sources */,
				ABE7E0D824C64B9A00E2FB88 /* UICollectionView+Extension.swift in Sources */,
				ABE7E0C524C6390700E2FB88 /* AddressModel.swift in Sources */,
				AB9507C824C89FE90030CD62 /* UIImage+Extension.swift in Sources */,
				AB7D470B24C6263C001919F9 /* SceneDelegate.swift in Sources */,
				ABE7E0C124C637E300E2FB88 /* ImageModel.swift in Sources */,
				ABE7E0C324C6384200E2FB88 /* OwnerModel.swift in Sources */,
				ABE7E0CA24C647D200E2FB88 /* DetailsViewController.swift in Sources */,
				ABE7E0DC24C64C8700E2FB88 /* UITableView+Extension.swift in Sources */,
			);
			runOnlyForDeploymentPostprocessing = 0;
		};
/* End PBXSourcesBuildPhase section */

/* Begin PBXVariantGroup section */
		AB7D470E24C6263C001919F9 /* Main.storyboard */ = {
			isa = PBXVariantGroup;
			children = (
				AB7D470F24C6263C001919F9 /* Base */,
			);
			name = Main.storyboard;
			sourceTree = "<group>";
		};
		AB7D471324C6263C001919F9 /* LaunchScreen.storyboard */ = {
			isa = PBXVariantGroup;
			children = (
				AB7D471424C6263C001919F9 /* Base */,
			);
			name = LaunchScreen.storyboard;
			sourceTree = "<group>";
		};
/* End PBXVariantGroup section */

/* Begin XCBuildConfiguration section */
		AB7D471724C6263C001919F9 /* Debug */ = {
			isa = XCBuildConfiguration;
			buildSettings = {
				ALWAYS_SEARCH_USER_PATHS = NO;
				CLANG_ANALYZER_NONNULL = YES;
				CLANG_ANALYZER_NUMBER_OBJECT_CONVERSION = YES_AGGRESSIVE;
				CLANG_CXX_LANGUAGE_STANDARD = "gnu++14";
				CLANG_CXX_LIBRARY = "libc++";
				CLANG_ENABLE_MODULES = YES;
				CLANG_ENABLE_OBJC_ARC = YES;
				CLANG_ENABLE_OBJC_WEAK = YES;
				CLANG_WARN_BLOCK_CAPTURE_AUTORELEASING = YES;
				CLANG_WARN_BOOL_CONVERSION = YES;
				CLANG_WARN_COMMA = YES;
				CLANG_WARN_CONSTANT_CONVERSION = YES;
				CLANG_WARN_DEPRECATED_OBJC_IMPLEMENTATIONS = YES;
				CLANG_WARN_DIRECT_OBJC_ISA_USAGE = YES_ERROR;
				CLANG_WARN_DOCUMENTATION_COMMENTS = YES;
				CLANG_WARN_EMPTY_BODY = YES;
				CLANG_WARN_ENUM_CONVERSION = YES;
				CLANG_WARN_INFINITE_RECURSION = YES;
				CLANG_WARN_INT_CONVERSION = YES;
				CLANG_WARN_NON_LITERAL_NULL_CONVERSION = YES;
				CLANG_WARN_OBJC_IMPLICIT_RETAIN_SELF = YES;
				CLANG_WARN_OBJC_LITERAL_CONVERSION = YES;
				CLANG_WARN_OBJC_ROOT_CLASS = YES_ERROR;
				CLANG_WARN_RANGE_LOOP_ANALYSIS = YES;
				CLANG_WARN_STRICT_PROTOTYPES = YES;
				CLANG_WARN_SUSPICIOUS_MOVE = YES;
				CLANG_WARN_UNGUARDED_AVAILABILITY = YES_AGGRESSIVE;
				CLANG_WARN_UNREACHABLE_CODE = YES;
				CLANG_WARN__DUPLICATE_METHOD_MATCH = YES;
				COPY_PHASE_STRIP = NO;
				DEBUG_INFORMATION_FORMAT = dwarf;
				ENABLE_STRICT_OBJC_MSGSEND = YES;
				ENABLE_TESTABILITY = YES;
				GCC_C_LANGUAGE_STANDARD = gnu11;
				GCC_DYNAMIC_NO_PIC = NO;
				GCC_NO_COMMON_BLOCKS = YES;
				GCC_OPTIMIZATION_LEVEL = 0;
				GCC_PREPROCESSOR_DEFINITIONS = (
					"DEBUG=1",
					"$(inherited)",
				);
				GCC_WARN_64_TO_32_BIT_CONVERSION = YES;
				GCC_WARN_ABOUT_RETURN_TYPE = YES_ERROR;
				GCC_WARN_UNDECLARED_SELECTOR = YES;
				GCC_WARN_UNINITIALIZED_AUTOS = YES_AGGRESSIVE;
				GCC_WARN_UNUSED_FUNCTION = YES;
				GCC_WARN_UNUSED_VARIABLE = YES;
				IPHONEOS_DEPLOYMENT_TARGET = 13.6;
				MTL_ENABLE_DEBUG_INFO = INCLUDE_SOURCE;
				MTL_FAST_MATH = YES;
				ONLY_ACTIVE_ARCH = YES;
				SDKROOT = iphoneos;
				SWIFT_ACTIVE_COMPILATION_CONDITIONS = DEBUG;
				SWIFT_OPTIMIZATION_LEVEL = "-Onone";
			};
			name = Debug;
		};
		AB7D471824C6263C001919F9 /* Release */ = {
			isa = XCBuildConfiguration;
			buildSettings = {
				ALWAYS_SEARCH_USER_PATHS = NO;
				CLANG_ANALYZER_NONNULL = YES;
				CLANG_ANALYZER_NUMBER_OBJECT_CONVERSION = YES_AGGRESSIVE;
				CLANG_CXX_LANGUAGE_STANDARD = "gnu++14";
				CLANG_CXX_LIBRARY = "libc++";
				CLANG_ENABLE_MODULES = YES;
				CLANG_ENABLE_OBJC_ARC = YES;
				CLANG_ENABLE_OBJC_WEAK = YES;
				CLANG_WARN_BLOCK_CAPTURE_AUTORELEASING = YES;
				CLANG_WARN_BOOL_CONVERSION = YES;
				CLANG_WARN_COMMA = YES;
				CLANG_WARN_CONSTANT_CONVERSION = YES;
				CLANG_WARN_DEPRECATED_OBJC_IMPLEMENTATIONS = YES;
				CLANG_WARN_DIRECT_OBJC_ISA_USAGE = YES_ERROR;
				CLANG_WARN_DOCUMENTATION_COMMENTS = YES;
				CLANG_WARN_EMPTY_BODY = YES;
				CLANG_WARN_ENUM_CONVERSION = YES;
				CLANG_WARN_INFINITE_RECURSION = YES;
				CLANG_WARN_INT_CONVERSION = YES;
				CLANG_WARN_NON_LITERAL_NULL_CONVERSION = YES;
				CLANG_WARN_OBJC_IMPLICIT_RETAIN_SELF = YES;
				CLANG_WARN_OBJC_LITERAL_CONVERSION = YES;
				CLANG_WARN_OBJC_ROOT_CLASS = YES_ERROR;
				CLANG_WARN_RANGE_LOOP_ANALYSIS = YES;
				CLANG_WARN_STRICT_PROTOTYPES = YES;
				CLANG_WARN_SUSPICIOUS_MOVE = YES;
				CLANG_WARN_UNGUARDED_AVAILABILITY = YES_AGGRESSIVE;
				CLANG_WARN_UNREACHABLE_CODE = YES;
				CLANG_WARN__DUPLICATE_METHOD_MATCH = YES;
				COPY_PHASE_STRIP = NO;
				DEBUG_INFORMATION_FORMAT = "dwarf-with-dsym";
				ENABLE_NS_ASSERTIONS = NO;
				ENABLE_STRICT_OBJC_MSGSEND = YES;
				GCC_C_LANGUAGE_STANDARD = gnu11;
				GCC_NO_COMMON_BLOCKS = YES;
				GCC_WARN_64_TO_32_BIT_CONVERSION = YES;
				GCC_WARN_ABOUT_RETURN_TYPE = YES_ERROR;
				GCC_WARN_UNDECLARED_SELECTOR = YES;
				GCC_WARN_UNINITIALIZED_AUTOS = YES_AGGRESSIVE;
				GCC_WARN_UNUSED_FUNCTION = YES;
				GCC_WARN_UNUSED_VARIABLE = YES;
				IPHONEOS_DEPLOYMENT_TARGET = 13.6;
				MTL_ENABLE_DEBUG_INFO = NO;
				MTL_FAST_MATH = YES;
				SDKROOT = iphoneos;
				SWIFT_COMPILATION_MODE = wholemodule;
				SWIFT_OPTIMIZATION_LEVEL = "-O";
				VALIDATE_PRODUCT = YES;
			};
			name = Release;
		};
		AB7D471A24C6263C001919F9 /* Debug */ = {
			isa = XCBuildConfiguration;
			baseConfigurationReference = 588EE2D2997D68E8A27438BB /* Pods-TestProject.debug.xcconfig */;
			buildSettings = {
				ASSETCATALOG_COMPILER_APPICON_NAME = AppIcon;
				CODE_SIGN_STYLE = Automatic;
				DEVELOPMENT_TEAM = GG9HQ29SNT;
				INFOPLIST_FILE = TestProject/Info.plist;
				LD_RUNPATH_SEARCH_PATHS = (
					"$(inherited)",
					"@executable_path/Frameworks",
				);
				PRODUCT_BUNDLE_IDENTIFIER = com.ivanApet.TestProject;
				PRODUCT_NAME = "$(TARGET_NAME)";
				SWIFT_VERSION = 5.0;
				TARGETED_DEVICE_FAMILY = 1;
			};
			name = Debug;
		};
		AB7D471B24C6263C001919F9 /* Release */ = {
			isa = XCBuildConfiguration;
			baseConfigurationReference = A0CE31105939FF7EC2698259 /* Pods-TestProject.release.xcconfig */;
			buildSettings = {
				ASSETCATALOG_COMPILER_APPICON_NAME = AppIcon;
				CODE_SIGN_STYLE = Automatic;
				DEVELOPMENT_TEAM = GG9HQ29SNT;
				INFOPLIST_FILE = TestProject/Info.plist;
				LD_RUNPATH_SEARCH_PATHS = (
					"$(inherited)",
					"@executable_path/Frameworks",
				);
				PRODUCT_BUNDLE_IDENTIFIER = com.ivanApet.TestProject;
				PRODUCT_NAME = "$(TARGET_NAME)";
				SWIFT_VERSION = 5.0;
				TARGETED_DEVICE_FAMILY = 1;
			};
			name = Release;
		};
/* End XCBuildConfiguration section */

/* Begin XCConfigurationList section */
		AB7D470024C6263C001919F9 /* Build configuration list for PBXProject "TestProject" */ = {
			isa = XCConfigurationList;
			buildConfigurations = (
				AB7D471724C6263C001919F9 /* Debug */,
				AB7D471824C6263C001919F9 /* Release */,
			);
			defaultConfigurationIsVisible = 0;
			defaultConfigurationName = Release;
		};
		AB7D471924C6263C001919F9 /* Build configuration list for PBXNativeTarget "TestProject" */ = {
			isa = XCConfigurationList;
			buildConfigurations = (
				AB7D471A24C6263C001919F9 /* Debug */,
				AB7D471B24C6263C001919F9 /* Release */,
			);
			defaultConfigurationIsVisible = 0;
			defaultConfigurationName = Release;
		};
/* End XCConfigurationList section */
	};
	rootObject = AB7D46FD24C6263C001919F9 /* Project object */;
}
